{
  "pins" : [
    {
      "identity" : "swift-protobuf-binaries",
      "kind" : "remoteSourceControl",
      "location" : "https://github.com/tangem/swift-protobuf-binaries.git",
      "state" : {
        "revision" : "594a9b8c47df13087ee0a1f25dbc64173604d0e9",
        "version" : "1.25.2-tangem3"
      }
    }
  ],
  "version" : 2
}
